
Microsoft Visual Studio Solution File, Format Version 12.00
Project("{8BC9CEB8-8B4A-11D0-8D11-00A0C91BC942}") = "Command", "Command\Command.vcxproj", "{2569D5BA-C34E-4E5E-9BC6-68BB6DBA5F0C}"
EndProject
Project("{8BC9CEB8-8B4A-11D0-8D11-00A0C91BC942}") = "Flyweight", "Flyweight\Flyweight.vcxproj", "{D8509A7C-4D86-461F-9C32-3960B9C7471D}"
EndProject
Project("{8BC9CEB8-8B4A-11D0-8D11-00A0C91BC942}") = "Observer", "Observer\Observer.vcxproj", "{0E1E314A-ED6C-4A1B-B8A1-EE49F3F18169}"
EndProject
Project("{8BC9CEB8-8B4A-11D0-8D11-00A0C91BC942}") = "Prototype", "Prototype\Prototype.vcxproj", "{4FC084E5-06C7-482A-A1D5-77513ECB44DB}"
EndProject
Global
	GlobalSection(SolutionConfigurationPlatforms) = preSolution
		Debug|Win32 = Debug|Win32
		Debug|x64 = Debug|x64
		Release|Win32 = Release|Win32
		Release|x64 = Release|x64
	EndGlobalSection
	GlobalSection(ProjectConfigurationPlatforms) = postSolution
		{2569D5BA-C34E-4E5E-9BC6-68BB6DBA5F0C}.Debug|Win32.ActiveCfg = Debug|Win32
		{2569D5BA-C34E-4E5E-9BC6-68BB6DBA5F0C}.Debug|Win32.Build.0 = Debug|Win32
		{2569D5BA-C34E-4E5E-9BC6-68BB6DBA5F0C}.Debug|x64.ActiveCfg = Debug|x64
		{2569D5BA-C34E-4E5E-9BC6-68BB6DBA5F0C}.Debug|x64.Build.0 = Debug|x64
		{2569D5BA-C34E-4E5E-9BC6-68BB6DBA5F0C}.Release|Win32.ActiveCfg = Release|Win32
		{2569D5BA-C34E-4E5E-9BC6-68BB6DBA5F0C}.Release|Win32.Build.0 = Release|Win32
		{2569D5BA-C34E-4E5E-9BC6-68BB6DBA5F0C}.Release|x64.ActiveCfg = Release|x64
		{2569D5BA-C34E-4E5E-9BC6-68BB6DBA5F0C}.Release|x64.Build.0 = Release|x64
		{D8509A7C-4D86-461F-9C32-3960B9C7471D}.Debug|Win32.ActiveCfg = Debug|Win32
		{D8509A7C-4D86-461F-9C32-3960B9C7471D}.Debug|Win32.Build.0 = Debug|Win32
		{D8509A7C-4D86-461F-9C32-3960B9C7471D}.Debug|x64.ActiveCfg = Debug|x64
		{D8509A7C-4D86-461F-9C32-3960B9C7471D}.Debug|x64.Build.0 = Debug|x64
		{D8509A7C-4D86-461F-9C32-3960B9C7471D}.Release|Win32.ActiveCfg = Release|Win32
		{D8509A7C-4D86-461F-9C32-3960B9C7471D}.Release|Win32.Build.0 = Release|Win32
		{D8509A7C-4D86-461F-9C32-3960B9C7471D}.Release|x64.ActiveCfg = Release|x64
		{D8509A7C-4D86-461F-9C32-3960B9C7471D}.Release|x64.Build.0 = Release|x64
		{0E1E314A-ED6C-4A1B-B8A1-EE49F3F18169}.Debug|Win32.ActiveCfg = Debug|Win32
		{0E1E314A-ED6C-4A1B-B8A1-EE49F3F18169}.Debug|Win32.Build.0 = Debug|Win32
		{0E1E314A-ED6C-4A1B-B8A1-EE49F3F18169}.Debug|x64.ActiveCfg = Debug|x64
		{0E1E314A-ED6C-4A1B-B8A1-EE49F3F18169}.Debug|x64.Build.0 = Debug|x64
		{0E1E314A-ED6C-4A1B-B8A1-EE49F3F18169}.Release|Win32.ActiveCfg = Release|Win32
		{0E1E314A-ED6C-4A1B-B8A1-EE49F3F18169}.Release|Win32.Build.0 = Release|Win32
		{0E1E314A-ED6C-4A1B-B8A1-EE49F3F18169}.Release|x64.ActiveCfg = Release|x64
		{0E1E314A-ED6C-4A1B-B8A1-EE49F3F18169}.Release|x64.Build.0 = Release|x64
		{4FC084E5-06C7-482A-A1D5-77513ECB44DB}.Debug|Win32.ActiveCfg = Debug|Win32
		{4FC084E5-06C7-482A-A1D5-77513ECB44DB}.Debug|Win32.Build.0 = Debug|Win32
		{4FC084E5-06C7-482A-A1D5-77513ECB44DB}.Debug|x64.ActiveCfg = Debug|x64
		{4FC084E5-06C7-482A-A1D5-77513ECB44DB}.Debug|x64.Build.0 = Debug|x64
		{4FC084E5-06C7-482A-A1D5-77513ECB44DB}.Release|Win32.ActiveCfg = Release|Win32
		{4FC084E5-06C7-482A-A1D5-77513ECB44DB}.Release|Win32.Build.0 = Release|Win32
		{4FC084E5-06C7-482A-A1D5-77513ECB44DB}.Release|x64.ActiveCfg = Release|x64
		{4FC084E5-06C7-482A-A1D5-77513ECB44DB}.Release|x64.Build.0 = Release|x64
	EndGlobalSection
EndGlobal
